// !$*UTF8*$!
{
	archiveVersion = 1;
	classes = {
	};
	objectVersion = 50;
	objects = {

/* Begin PBXBuildFile section */
		A566EF532699ECEA0011D242 /* Alert.swift in Sources */ = {isa = PBXBuildFile; fileRef = A566EF522699ECEA0011D242 /* Alert.swift */; };
		A566EF552699ED1D0011D242 /* BarcodeScannerViewModel.swift in Sources */ = {isa = PBXBuildFile; fileRef = A566EF542699ED1C0011D242 /* BarcodeScannerViewModel.swift */; };
		A592CC352696AA2E00E63304 /* ScannerView.swift in Sources */ = {isa = PBXBuildFile; fileRef = A592CC342696AA2E00E63304 /* ScannerView.swift */; };
		A5DEA7B226798B8E0003FD33 /* BarcodeScannerApp.swift in Sources */ = {isa = PBXBuildFile; fileRef = A5DEA7B126798B8E0003FD33 /* BarcodeScannerApp.swift */; };
		A5DEA7B426798B8E0003FD33 /* BarcodeScannerView.swift in Sources */ = {isa = PBXBuildFile; fileRef = A5DEA7B326798B8E0003FD33 /* BarcodeScannerView.swift */; };
		A5DEA7B626798B910003FD33 /* Assets.xcassets in Resources */ = {isa = PBXBuildFile; fileRef = A5DEA7B526798B910003FD33 /* Assets.xcassets */; };
		A5DEA7B926798B910003FD33 /* Preview Assets.xcassets in Resources */ = {isa = PBXBuildFile; fileRef = A5DEA7B826798B910003FD33 /* Preview Assets.xcassets */; };
		A5DEA7C426798B910003FD33 /* BarcodeScannerTests.swift in Sources */ = {isa = PBXBuildFile; fileRef = A5DEA7C326798B910003FD33 /* BarcodeScannerTests.swift */; };
		A5DEA7CF26798B910003FD33 /* BarcodeScannerUITests.swift in Sources */ = {isa = PBXBuildFile; fileRef = A5DEA7CE26798B910003FD33 /* BarcodeScannerUITests.swift */; };
		A5FAEC0F267991DE00A1A33D /* ScannerViewController.swift in Sources */ = {isa = PBXBuildFile; fileRef = A5FAEC0E267991DE00A1A33D /* ScannerViewController.swift */; };
/* End PBXBuildFile section */

/* Begin PBXContainerItemProxy section */
		A5DEA7C026798B910003FD33 /* PBXContainerItemProxy */ = {
			isa = PBXContainerItemProxy;
			containerPortal = A5DEA7A626798B8E0003FD33 /* Project object */;
			proxyType = 1;
			remoteGlobalIDString = A5DEA7AD26798B8E0003FD33;
			remoteInfo = BarcodeScanner;
		};
		A5DEA7CB26798B910003FD33 /* PBXContainerItemProxy */ = {
			isa = PBXContainerItemProxy;
			containerPortal = A5DEA7A626798B8E0003FD33 /* Project object */;
			proxyType = 1;
			remoteGlobalIDString = A5DEA7AD26798B8E0003FD33;
			remoteInfo = BarcodeScanner;
		};
/* End PBXContainerItemProxy section */

/* Begin PBXFileReference section */
		A566EF522699ECEA0011D242 /* Alert.swift */ = {isa = PBXFileReference; lastKnownFileType = sourcecode.swift; path = Alert.swift; sourceTree = "<group>"; };
		A566EF542699ED1C0011D242 /* BarcodeScannerViewModel.swift */ = {isa = PBXFileReference; lastKnownFileType = sourcecode.swift; path = BarcodeScannerViewModel.swift; sourceTree = "<group>"; };
		A592CC342696AA2E00E63304 /* ScannerView.swift */ = {isa = PBXFileReference; lastKnownFileType = sourcecode.swift; path = ScannerView.swift; sourceTree = "<group>"; };
		A5DEA7AE26798B8E0003FD33 /* BarcodeScanner.app */ = {isa = PBXFileReference; explicitFileType = wrapper.application; includeInIndex = 0; path = BarcodeScanner.app; sourceTree = BUILT_PRODUCTS_DIR; };
		A5DEA7B126798B8E0003FD33 /* BarcodeScannerApp.swift */ = {isa = PBXFileReference; lastKnownFileType = sourcecode.swift; path = BarcodeScannerApp.swift; sourceTree = "<group>"; };
		A5DEA7B326798B8E0003FD33 /* BarcodeScannerView.swift */ = {isa = PBXFileReference; lastKnownFileType = sourcecode.swift; path = BarcodeScannerView.swift; sourceTree = "<group>"; };
		A5DEA7B526798B910003FD33 /* Assets.xcassets */ = {isa = PBXFileReference; lastKnownFileType = folder.assetcatalog; path = Assets.xcassets; sourceTree = "<group>"; };
		A5DEA7B826798B910003FD33 /* Preview Assets.xcassets */ = {isa = PBXFileReference; lastKnownFileType = folder.assetcatalog; path = "Preview Assets.xcassets"; sourceTree = "<group>"; };
		A5DEA7BA26798B910003FD33 /* Info.plist */ = {isa = PBXFileReference; lastKnownFileType = text.plist.xml; path = Info.plist; sourceTree = "<group>"; };
		A5DEA7BF26798B910003FD33 /* BarcodeScannerTests.xctest */ = {isa = PBXFileReference; explicitFileType = wrapper.cfbundle; includeInIndex = 0; path = BarcodeScannerTests.xctest; sourceTree = BUILT_PRODUCTS_DIR; };
		A5DEA7C326798B910003FD33 /* BarcodeScannerTests.swift */ = {isa = PBXFileReference; lastKnownFileType = sourcecode.swift; path = BarcodeScannerTests.swift; sourceTree = "<group>"; };
		A5DEA7C526798B910003FD33 /* Info.plist */ = {isa = PBXFileReference; lastKnownFileType = text.plist.xml; path = Info.plist; sourceTree = "<group>"; };
		A5DEA7CA26798B910003FD33 /* BarcodeScannerUITests.xctest */ = {isa = PBXFileReference; explicitFileType = wrapper.cfbundle; includeInIndex = 0; path = BarcodeScannerUITests.xctest; sourceTree = BUILT_PRODUCTS_DIR; };
		A5DEA7CE26798B910003FD33 /* BarcodeScannerUITests.swift */ = {isa = PBXFileReference; lastKnownFileType = sourcecode.swift; path = BarcodeScannerUITests.swift; sourceTree = "<group>"; };
		A5DEA7D026798B910003FD33 /* Info.plist */ = {isa = PBXFileReference; lastKnownFileType = text.plist.xml; path = Info.plist; sourceTree = "<group>"; };
		A5FAEC0E267991DE00A1A33D /* ScannerViewController.swift */ = {isa = PBXFileReference; lastKnownFileType = sourcecode.swift; path = ScannerViewController.swift; sourceTree = "<group>"; };
/* End PBXFileReference section */

/* Begin PBXFrameworksBuildPhase section */
		A5DEA7AB26798B8E0003FD33 /* Frameworks */ = {
			isa = PBXFrameworksBuildPhase;
			buildActionMask = 2147483647;
			files = (
			);
			runOnlyForDeploymentPostprocessing = 0;
		};
		A5DEA7BC26798B910003FD33 /* Frameworks */ = {
			isa = PBXFrameworksBuildPhase;
			buildActionMask = 2147483647;
			files = (
			);
			runOnlyForDeploymentPostprocessing = 0;
		};
		A5DEA7C726798B910003FD33 /* Frameworks */ = {
			isa = PBXFrameworksBuildPhase;
			buildActionMask = 2147483647;
			files = (
			);
			runOnlyForDeploymentPostprocessing = 0;
		};
/* End PBXFrameworksBuildPhase section */

/* Begin PBXGroup section */
		A566EF562699F1FA0011D242 /* BarcodeScanner */ = {
			isa = PBXGroup;
			children = (
				A566EF542699ED1C0011D242 /* BarcodeScannerViewModel.swift */,
				A5DEA7B326798B8E0003FD33 /* BarcodeScannerView.swift */,
			);
			path = BarcodeScanner;
			sourceTree = "<group>";
		};
		A566EF572699F20E0011D242 /* Screens */ = {
			isa = PBXGroup;
			children = (
				A566EF562699F1FA0011D242 /* BarcodeScanner */,
			);
			path = Screens;
			sourceTree = "<group>";
		};
		A566EF582699F2190011D242 /* Views */ = {
			isa = PBXGroup;
			children = (
				A566EF592699F21E0011D242 /* UIKit Components */,
			);
			path = Views;
			sourceTree = "<group>";
		};
		A566EF592699F21E0011D242 /* UIKit Components */ = {
			isa = PBXGroup;
			children = (
				A592CC342696AA2E00E63304 /* ScannerView.swift */,
				A5FAEC0E267991DE00A1A33D /* ScannerViewController.swift */,
			);
			path = "UIKit Components";
			sourceTree = "<group>";
		};
		A566EF5A2699F2310011D242 /* Utillies */ = {
			isa = PBXGroup;
			children = (
				A566EF522699ECEA0011D242 /* Alert.swift */,
			);
			path = Utillies;
			sourceTree = "<group>";
		};
		A5DEA7A526798B8E0003FD33 = {
			isa = PBXGroup;
			children = (
				A5DEA7B026798B8E0003FD33 /* BarcodeScanner */,
				A5DEA7C226798B910003FD33 /* BarcodeScannerTests */,
				A5DEA7CD26798B910003FD33 /* BarcodeScannerUITests */,
				A5DEA7AF26798B8E0003FD33 /* Products */,
			);
			sourceTree = "<group>";
		};
		A5DEA7AF26798B8E0003FD33 /* Products */ = {
			isa = PBXGroup;
			children = (
				A5DEA7AE26798B8E0003FD33 /* BarcodeScanner.app */,
				A5DEA7BF26798B910003FD33 /* BarcodeScannerTests.xctest */,
				A5DEA7CA26798B910003FD33 /* BarcodeScannerUITests.xctest */,
			);
			name = Products;
			sourceTree = "<group>";
		};
		A5DEA7B026798B8E0003FD33 /* BarcodeScanner */ = {
			isa = PBXGroup;
			children = (
				A566EF5A2699F2310011D242 /* Utillies */,
				A566EF582699F2190011D242 /* Views */,
				A566EF572699F20E0011D242 /* Screens */,
				A5DEA7B126798B8E0003FD33 /* BarcodeScannerApp.swift */,
				A5DEA7B526798B910003FD33 /* Assets.xcassets */,
				A5DEA7BA26798B910003FD33 /* Info.plist */,
				A5DEA7B726798B910003FD33 /* Preview Content */,
			);
			path = BarcodeScanner;
			sourceTree = "<group>";
		};
		A5DEA7B726798B910003FD33 /* Preview Content */ = {
			isa = PBXGroup;
			children = (
				A5DEA7B826798B910003FD33 /* Preview Assets.xcassets */,
			);
			path = "Preview Content";
			sourceTree = "<group>";
		};
		A5DEA7C226798B910003FD33 /* BarcodeScannerTests */ = {
			isa = PBXGroup;
			children = (
				A5DEA7C326798B910003FD33 /* BarcodeScannerTests.swift */,
				A5DEA7C526798B910003FD33 /* Info.plist */,
			);
			path = BarcodeScannerTests;
			sourceTree = "<group>";
		};
		A5DEA7CD26798B910003FD33 /* BarcodeScannerUITests */ = {
			isa = PBXGroup;
			children = (
				A5DEA7CE26798B910003FD33 /* BarcodeScannerUITests.swift */,
				A5DEA7D026798B910003FD33 /* Info.plist */,
			);
			path = BarcodeScannerUITests;
			sourceTree = "<group>";
		};
/* End PBXGroup section */

/* Begin PBXNativeTarget section */
		A5DEA7AD26798B8E0003FD33 /* BarcodeScanner */ = {
			isa = PBXNativeTarget;
			buildConfigurationList = A5DEA7D326798B910003FD33 /* Build configuration list for PBXNativeTarget "BarcodeScanner" */;
			buildPhases = (
				A5DEA7AA26798B8E0003FD33 /* Sources */,
				A5DEA7AB26798B8E0003FD33 /* Frameworks */,
				A5DEA7AC26798B8E0003FD33 /* Resources */,
			);
			buildRules = (
			);
			dependencies = (
			);
			name = BarcodeScanner;
			productName = BarcodeScanner;
			productReference = A5DEA7AE26798B8E0003FD33 /* BarcodeScanner.app */;
			productType = "com.apple.product-type.application";
		};
		A5DEA7BE26798B910003FD33 /* BarcodeScannerTests */ = {
			isa = PBXNativeTarget;
			buildConfigurationList = A5DEA7D626798B910003FD33 /* Build configuration list for PBXNativeTarget "BarcodeScannerTests" */;
			buildPhases = (
				A5DEA7BB26798B910003FD33 /* Sources */,
				A5DEA7BC26798B910003FD33 /* Frameworks */,
				A5DEA7BD26798B910003FD33 /* Resources */,
			);
			buildRules = (
			);
			dependencies = (
				A5DEA7C126798B910003FD33 /* PBXTargetDependency */,
			);
			name = BarcodeScannerTests;
			productName = BarcodeScannerTests;
			productReference = A5DEA7BF26798B910003FD33 /* BarcodeScannerTests.xctest */;
			productType = "com.apple.product-type.bundle.unit-test";
		};
		A5DEA7C926798B910003FD33 /* BarcodeScannerUITests */ = {
			isa = PBXNativeTarget;
			buildConfigurationList = A5DEA7D926798B910003FD33 /* Build configuration list for PBXNativeTarget "BarcodeScannerUITests" */;
			buildPhases = (
				A5DEA7C626798B910003FD33 /* Sources */,
				A5DEA7C726798B910003FD33 /* Frameworks */,
				A5DEA7C826798B910003FD33 /* Resources */,
			);
			buildRules = (
			);
			dependencies = (
				A5DEA7CC26798B910003FD33 /* PBXTargetDependency */,
			);
			name = BarcodeScannerUITests;
			productName = BarcodeScannerUITests;
			productReference = A5DEA7CA26798B910003FD33 /* BarcodeScannerUITests.xctest */;
			productType = "com.apple.product-type.bundle.ui-testing";
		};
/* End PBXNativeTarget section */

/* Begin PBXProject section */
		A5DEA7A626798B8E0003FD33 /* Project object */ = {
			isa = PBXProject;
			attributes = {
				LastSwiftUpdateCheck = 1240;
				LastUpgradeCheck = 1240;
				TargetAttributes = {
					A5DEA7AD26798B8E0003FD33 = {
						CreatedOnToolsVersion = 12.4;
					};
					A5DEA7BE26798B910003FD33 = {
						CreatedOnToolsVersion = 12.4;
						TestTargetID = A5DEA7AD26798B8E0003FD33;
					};
					A5DEA7C926798B910003FD33 = {
						CreatedOnToolsVersion = 12.4;
						TestTargetID = A5DEA7AD26798B8E0003FD33;
					};
				};
			};
			buildConfigurationList = A5DEA7A926798B8E0003FD33 /* Build configuration list for PBXProject "BarcodeScanner" */;
			compatibilityVersion = "Xcode 9.3";
			developmentRegion = en;
			hasScannedForEncodings = 0;
			knownRegions = (
				en,
				Base,
			);
			mainGroup = A5DEA7A526798B8E0003FD33;
			productRefGroup = A5DEA7AF26798B8E0003FD33 /* Products */;
			projectDirPath = "";
			projectRoot = "";
			targets = (
				A5DEA7AD26798B8E0003FD33 /* BarcodeScanner */,
				A5DEA7BE26798B910003FD33 /* BarcodeScannerTests */,
				A5DEA7C926798B910003FD33 /* BarcodeScannerUITests */,
			);
		};
/* End PBXProject section */

/* Begin PBXResourcesBuildPhase section */
		A5DEA7AC26798B8E0003FD33 /* Resources */ = {
			isa = PBXResourcesBuildPhase;
			buildActionMask = 2147483647;
			files = (
				A5DEA7B926798B910003FD33 /* Preview Assets.xcassets in Resources */,
				A5DEA7B626798B910003FD33 /* Assets.xcassets in Resources */,
			);
			runOnlyForDeploymentPostprocessing = 0;
		};
		A5DEA7BD26798B910003FD33 /* Resources */ = {
			isa = PBXResourcesBuildPhase;
			buildActionMask = 2147483647;
			files = (
			);
			runOnlyForDeploymentPostprocessing = 0;
		};
		A5DEA7C826798B910003FD33 /* Resources */ = {
			isa = PBXResourcesBuildPhase;
			buildActionMask = 2147483647;
			files = (
			);
			runOnlyForDeploymentPostprocessing = 0;
		};
/* End PBXResourcesBuildPhase section */

/* Begin PBXSourcesBuildPhase section */
		A5DEA7AA26798B8E0003FD33 /* Sources */ = {
			isa = PBXSourcesBuildPhase;
			buildActionMask = 2147483647;
			files = (
				A566EF552699ED1D0011D242 /* BarcodeScannerViewModel.swift in Sources */,
				A5DEA7B426798B8E0003FD33 /* BarcodeScannerView.swift in Sources */,
				A592CC352696AA2E00E63304 /* ScannerView.swift in Sources */,
				A5FAEC0F267991DE00A1A33D /* ScannerViewController.swift in Sources */,
				A566EF532699ECEA0011D242 /* Alert.swift in Sources */,
				A5DEA7B226798B8E0003FD33 /* BarcodeScannerApp.swift in Sources */,
			);
			runOnlyForDeploymentPostprocessing = 0;
		};
		A5DEA7BB26798B910003FD33 /* Sources */ = {
			isa = PBXSourcesBuildPhase;
			buildActionMask = 2147483647;
			files = (
				A5DEA7C426798B910003FD33 /* BarcodeScannerTests.swift in Sources */,
			);
			runOnlyForDeploymentPostprocessing = 0;
		};
		A5DEA7C626798B910003FD33 /* Sources */ = {
			isa = PBXSourcesBuildPhase;
			buildActionMask = 2147483647;
			files = (
				A5DEA7CF26798B910003FD33 /* BarcodeScannerUITests.swift in Sources */,
			);
			runOnlyForDeploymentPostprocessing = 0;
		};
/* End PBXSourcesBuildPhase section */

/* Begin PBXTargetDependency section */
		A5DEA7C126798B910003FD33 /* PBXTargetDependency */ = {
			isa = PBXTargetDependency;
			target = A5DEA7AD26798B8E0003FD33 /* BarcodeScanner */;
			targetProxy = A5DEA7C026798B910003FD33 /* PBXContainerItemProxy */;
		};
		A5DEA7CC26798B910003FD33 /* PBXTargetDependency */ = {
			isa = PBXTargetDependency;
			target = A5DEA7AD26798B8E0003FD33 /* BarcodeScanner */;
			targetProxy = A5DEA7CB26798B910003FD33 /* PBXContainerItemProxy */;
		};
/* End PBXTargetDependency section */

/* Begin XCBuildConfiguration section */
		A5DEA7D126798B910003FD33 /* Debug */ = {
			isa = XCBuildConfiguration;
			buildSettings = {
				ALWAYS_SEARCH_USER_PATHS = NO;
				CLANG_ANALYZER_NONNULL = YES;
				CLANG_ANALYZER_NUMBER_OBJECT_CONVERSION = YES_AGGRESSIVE;
				CLANG_CXX_LANGUAGE_STANDARD = "gnu++14";
				CLANG_CXX_LIBRARY = "libc++";
				CLANG_ENABLE_MODULES = YES;
				CLANG_ENABLE_OBJC_ARC = YES;
				CLANG_ENABLE_OBJC_WEAK = YES;
				CLANG_WARN_BLOCK_CAPTURE_AUTORELEASING = YES;
				CLANG_WARN_BOOL_CONVERSION = YES;
				CLANG_WARN_COMMA = YES;
				CLANG_WARN_CONSTANT_CONVERSION = YES;
				CLANG_WARN_DEPRECATED_OBJC_IMPLEMENTATIONS = YES;
				CLANG_WARN_DIRECT_OBJC_ISA_USAGE = YES_ERROR;
				CLANG_WARN_DOCUMENTATION_COMMENTS = YES;
				CLANG_WARN_EMPTY_BODY = YES;
				CLANG_WARN_ENUM_CONVERSION = YES;
				CLANG_WARN_INFINITE_RECURSION = YES;
				CLANG_WARN_INT_CONVERSION = YES;
				CLANG_WARN_NON_LITERAL_NULL_CONVERSION = YES;
				CLANG_WARN_OBJC_IMPLICIT_RETAIN_SELF = YES;
				CLANG_WARN_OBJC_LITERAL_CONVERSION = YES;
				CLANG_WARN_OBJC_ROOT_CLASS = YES_ERROR;
				CLANG_WARN_QUOTED_INCLUDE_IN_FRAMEWORK_HEADER = YES;
				CLANG_WARN_RANGE_LOOP_ANALYSIS = YES;
				CLANG_WARN_STRICT_PROTOTYPES = YES;
				CLANG_WARN_SUSPICIOUS_MOVE = YES;
				CLANG_WARN_UNGUARDED_AVAILABILITY = YES_AGGRESSIVE;
				CLANG_WARN_UNREACHABLE_CODE = YES;
				CLANG_WARN__DUPLICATE_METHOD_MATCH = YES;
				COPY_PHASE_STRIP = NO;
				DEBUG_INFORMATION_FORMAT = dwarf;
				ENABLE_STRICT_OBJC_MSGSEND = YES;
				ENABLE_TESTABILITY = YES;
				GCC_C_LANGUAGE_STANDARD = gnu11;
				GCC_DYNAMIC_NO_PIC = NO;
				GCC_NO_COMMON_BLOCKS = YES;
				GCC_OPTIMIZATION_LEVEL = 0;
				GCC_PREPROCESSOR_DEFINITIONS = (
					"DEBUG=1",
					"$(inherited)",
				);
				GCC_WARN_64_TO_32_BIT_CONVERSION = YES;
				GCC_WARN_ABOUT_RETURN_TYPE = YES_ERROR;
				GCC_WARN_UNDECLARED_SELECTOR = YES;
				GCC_WARN_UNINITIALIZED_AUTOS = YES_AGGRESSIVE;
				GCC_WARN_UNUSED_FUNCTION = YES;
				GCC_WARN_UNUSED_VARIABLE = YES;
				IPHONEOS_DEPLOYMENT_TARGET = 14.4;
				MTL_ENABLE_DEBUG_INFO = INCLUDE_SOURCE;
				MTL_FAST_MATH = YES;
				ONLY_ACTIVE_ARCH = YES;
				SDKROOT = iphoneos;
				SWIFT_ACTIVE_COMPILATION_CONDITIONS = DEBUG;
				SWIFT_OPTIMIZATION_LEVEL = "-Onone";
			};
			name = Debug;
		};
		A5DEA7D226798B910003FD33 /* Release */ = {
			isa = XCBuildConfiguration;
			buildSettings = {
				ALWAYS_SEARCH_USER_PATHS = NO;
				CLANG_ANALYZER_NONNULL = YES;
				CLANG_ANALYZER_NUMBER_OBJECT_CONVERSION = YES_AGGRESSIVE;
				CLANG_CXX_LANGUAGE_STANDARD = "gnu++14";
				CLANG_CXX_LIBRARY = "libc++";
				CLANG_ENABLE_MODULES = YES;
				CLANG_ENABLE_OBJC_ARC = YES;
				CLANG_ENABLE_OBJC_WEAK = YES;
				CLANG_WARN_BLOCK_CAPTURE_AUTORELEASING = YES;
				CLANG_WARN_BOOL_CONVERSION = YES;
				CLANG_WARN_COMMA = YES;
				CLANG_WARN_CONSTANT_CONVERSION = YES;
				CLANG_WARN_DEPRECATED_OBJC_IMPLEMENTATIONS = YES;
				CLANG_WARN_DIRECT_OBJC_ISA_USAGE = YES_ERROR;
				CLANG_WARN_DOCUMENTATION_COMMENTS = YES;
				CLANG_WARN_EMPTY_BODY = YES;
				CLANG_WARN_ENUM_CONVERSION = YES;
				CLANG_WARN_INFINITE_RECURSION = YES;
				CLANG_WARN_INT_CONVERSION = YES;
				CLANG_WARN_NON_LITERAL_NULL_CONVERSION = YES;
				CLANG_WARN_OBJC_IMPLICIT_RETAIN_SELF = YES;
				CLANG_WARN_OBJC_LITERAL_CONVERSION = YES;
				CLANG_WARN_OBJC_ROOT_CLASS = YES_ERROR;
				CLANG_WARN_QUOTED_INCLUDE_IN_FRAMEWORK_HEADER = YES;
				CLANG_WARN_RANGE_LOOP_ANALYSIS = YES;
				CLANG_WARN_STRICT_PROTOTYPES = YES;
				CLANG_WARN_SUSPICIOUS_MOVE = YES;
				CLANG_WARN_UNGUARDED_AVAILABILITY = YES_AGGRESSIVE;
				CLANG_WARN_UNREACHABLE_CODE = YES;
				CLANG_WARN__DUPLICATE_METHOD_MATCH = YES;
				COPY_PHASE_STRIP = NO;
				DEBUG_INFORMATION_FORMAT = "dwarf-with-dsym";
				ENABLE_NS_ASSERTIONS = NO;
				ENABLE_STRICT_OBJC_MSGSEND = YES;
				GCC_C_LANGUAGE_STANDARD = gnu11;
				GCC_NO_COMMON_BLOCKS = YES;
				GCC_WARN_64_TO_32_BIT_CONVERSION = YES;
				GCC_WARN_ABOUT_RETURN_TYPE = YES_ERROR;
				GCC_WARN_UNDECLARED_SELECTOR = YES;
				GCC_WARN_UNINITIALIZED_AUTOS = YES_AGGRESSIVE;
				GCC_WARN_UNUSED_FUNCTION = YES;
				GCC_WARN_UNUSED_VARIABLE = YES;
				IPHONEOS_DEPLOYMENT_TARGET = 14.4;
				MTL_ENABLE_DEBUG_INFO = NO;
				MTL_FAST_MATH = YES;
				SDKROOT = iphoneos;
				SWIFT_COMPILATION_MODE = wholemodule;
				SWIFT_OPTIMIZATION_LEVEL = "-O";
				VALIDATE_PRODUCT = YES;
			};
			name = Release;
		};
		A5DEA7D426798B910003FD33 /* Debug */ = {
			isa = XCBuildConfiguration;
			buildSettings = {
				ASSETCATALOG_COMPILER_APPICON_NAME = AppIcon;
				ASSETCATALOG_COMPILER_GLOBAL_ACCENT_COLOR_NAME = AccentColor;
				CODE_SIGN_STYLE = Automatic;
				DEVELOPMENT_ASSET_PATHS = "\"BarcodeScanner/Preview Content\"";
				DEVELOPMENT_TEAM = QGAQ3AY3R3;
				ENABLE_PREVIEWS = YES;
				INFOPLIST_FILE = BarcodeScanner/Info.plist;
				IPHONEOS_DEPLOYMENT_TARGET = 14.0;
				LD_RUNPATH_SEARCH_PATHS = (
					"$(inherited)",
					"@executable_path/Frameworks",
				);
				PRODUCT_BUNDLE_IDENTIFIER = com.team.Ysoup.BarcodeScanner;
				PRODUCT_NAME = "$(TARGET_NAME)";
				SWIFT_VERSION = 5.0;
				TARGETED_DEVICE_FAMILY = "1,2";
			};
			name = Debug;
		};
		A5DEA7D526798B910003FD33 /* Release */ = {
			isa = XCBuildConfiguration;
			buildSettings = {
				ASSETCATALOG_COMPILER_APPICON_NAME = AppIcon;
				ASSETCATALOG_COMPILER_GLOBAL_ACCENT_COLOR_NAME = AccentColor;
				CODE_SIGN_STYLE = Automatic;
				DEVELOPMENT_ASSET_PATHS = "\"BarcodeScanner/Preview Content\"";
				DEVELOPMENT_TEAM = QGAQ3AY3R3;
				ENABLE_PREVIEWS = YES;
				INFOPLIST_FILE = BarcodeScanner/Info.plist;
				IPHONEOS_DEPLOYMENT_TARGET = 14.0;
				LD_RUNPATH_SEARCH_PATHS = (
					"$(inherited)",
					"@executable_path/Frameworks",
				);
				PRODUCT_BUNDLE_IDENTIFIER = com.team.Ysoup.BarcodeScanner;
				PRODUCT_NAME = "$(TARGET_NAME)";
				SWIFT_VERSION = 5.0;
				TARGETED_DEVICE_FAMILY = "1,2";
			};
			name = Release;
		};
		A5DEA7D726798B910003FD33 /* Debug */ = {
			isa = XCBuildConfiguration;
			buildSettings = {
				ALWAYS_EMBED_SWIFT_STANDARD_LIBRARIES = YES;
				BUNDLE_LOADER = "$(TEST_HOST)";
				CODE_SIGN_STYLE = Automatic;
				DEVELOPMENT_TEAM = QGAQ3AY3R3;
				INFOPLIST_FILE = BarcodeScannerTests/Info.plist;
				IPHONEOS_DEPLOYMENT_TARGET = 14.0;
				LD_RUNPATH_SEARCH_PATHS = (
					"$(inherited)",
					"@executable_path/Frameworks",
					"@loader_path/Frameworks",
				);
				PRODUCT_BUNDLE_IDENTIFIER = com.team.Ysoup.BarcodeScannerTests;
				PRODUCT_NAME = "$(TARGET_NAME)";
				SWIFT_VERSION = 5.0;
				TARGETED_DEVICE_FAMILY = "1,2";
				TEST_HOST = "$(BUILT_PRODUCTS_DIR)/BarcodeScanner.app/BarcodeScanner";
			};
			name = Debug;
		};
		A5DEA7D826798B910003FD33 /* Release */ = {
			isa = XCBuildConfiguration;
			buildSettings = {
				ALWAYS_EMBED_SWIFT_STANDARD_LIBRARIES = YES;
				BUNDLE_LOADER = "$(TEST_HOST)";
				CODE_SIGN_STYLE = Automatic;
				DEVELOPMENT_TEAM = QGAQ3AY3R3;
				INFOPLIST_FILE = BarcodeScannerTests/Info.plist;
				IPHONEOS_DEPLOYMENT_TARGET = 14.0;
				LD_RUNPATH_SEARCH_PATHS = (
					"$(inherited)",
					"@executable_path/Frameworks",
					"@loader_path/Frameworks",
				);
				PRODUCT_BUNDLE_IDENTIFIER = com.team.Ysoup.BarcodeScannerTests;
				PRODUCT_NAME = "$(TARGET_NAME)";
				SWIFT_VERSION = 5.0;
				TARGETED_DEVICE_FAMILY = "1,2";
				TEST_HOST = "$(BUILT_PRODUCTS_DIR)/BarcodeScanner.app/BarcodeScanner";
			};
			name = Release;
		};
		A5DEA7DA26798B910003FD33 /* Debug */ = {
			isa = XCBuildConfiguration;
			buildSettings = {
				ALWAYS_EMBED_SWIFT_STANDARD_LIBRARIES = YES;
				CODE_SIGN_STYLE = Automatic;
				DEVELOPMENT_TEAM = QGAQ3AY3R3;
				INFOPLIST_FILE = BarcodeScannerUITests/Info.plist;
				LD_RUNPATH_SEARCH_PATHS = (
					"$(inherited)",
					"@executable_path/Frameworks",
					"@loader_path/Frameworks",
				);
				PRODUCT_BUNDLE_IDENTIFIER = com.team.Ysoup.BarcodeScannerUITests;
				PRODUCT_NAME = "$(TARGET_NAME)";
				SWIFT_VERSION = 5.0;
				TARGETED_DEVICE_FAMILY = "1,2";
				TEST_TARGET_NAME = BarcodeScanner;
			};
			name = Debug;
		};
		A5DEA7DB26798B910003FD33 /* Release */ = {
			isa = XCBuildConfiguration;
			buildSettings = {
				ALWAYS_EMBED_SWIFT_STANDARD_LIBRARIES = YES;
				CODE_SIGN_STYLE = Automatic;
				DEVELOPMENT_TEAM = QGAQ3AY3R3;
				INFOPLIST_FILE = BarcodeScannerUITests/Info.plist;
				LD_RUNPATH_SEARCH_PATHS = (
					"$(inherited)",
					"@executable_path/Frameworks",
					"@loader_path/Frameworks",
				);
				PRODUCT_BUNDLE_IDENTIFIER = com.team.Ysoup.BarcodeScannerUITests;
				PRODUCT_NAME = "$(TARGET_NAME)";
				SWIFT_VERSION = 5.0;
				TARGETED_DEVICE_FAMILY = "1,2";
				TEST_TARGET_NAME = BarcodeScanner;
			};
			name = Release;
		};
/* End XCBuildConfiguration section */

/* Begin XCConfigurationList section */
		A5DEA7A926798B8E0003FD33 /* Build configuration list for PBXProject "BarcodeScanner" */ = {
			isa = XCConfigurationList;
			buildConfigurations = (
				A5DEA7D126798B910003FD33 /* Debug */,
				A5DEA7D226798B910003FD33 /* Release */,
			);
			defaultConfigurationIsVisible = 0;
			defaultConfigurationName = Release;
		};
		A5DEA7D326798B910003FD33 /* Build configuration list for PBXNativeTarget "BarcodeScanner" */ = {
			isa = XCConfigurationList;
			buildConfigurations = (
				A5DEA7D426798B910003FD33 /* Debug */,
				A5DEA7D526798B910003FD33 /* Release */,
			);
			defaultConfigurationIsVisible = 0;
			defaultConfigurationName = Release;
		};
		A5DEA7D626798B910003FD33 /* Build configuration list for PBXNativeTarget "BarcodeScannerTests" */ = {
			isa = XCConfigurationList;
			buildConfigurations = (
				A5DEA7D726798B910003FD33 /* Debug */,
				A5DEA7D826798B910003FD33 /* Release */,
			);
			defaultConfigurationIsVisible = 0;
			defaultConfigurationName = Release;
		};
		A5DEA7D926798B910003FD33 /* Build configuration list for PBXNativeTarget "BarcodeScannerUITests" */ = {
			isa = XCConfigurationList;
			buildConfigurations = (
				A5DEA7DA26798B910003FD33 /* Debug */,
				A5DEA7DB26798B910003FD33 /* Release */,
			);
			defaultConfigurationIsVisible = 0;
			defaultConfigurationName = Release;
		};
/* End XCConfigurationList section */
	};
	rootObject = A5DEA7A626798B8E0003FD33 /* Project object */;
}
